
Microsoft Visual Studio Solution File, Format Version 12.00
# Visual Studio Version 17
VisualStudioVersion = 17.0.31903.59
MinimumVisualStudioVersion = 10.0.40219.1
Project("{2150E333-8FDC-42A3-9474-1A3956D46DE8}") = "src", "src", "{F612714A-0C4D-4A2D-A9E6-48DC234E882D}"
EndProject
Project("{9A19103F-16F7-4668-BE54-9A1E7A4F7556}") = "FrontendMentorBlazorSolution", "src\FrontendMentorBlazorSolution\FrontendMentorBlazorSolution.csproj", "{28E6CD01-BC23-456E-8969-9F57319F1884}"
EndProject
Project("{2150E333-8FDC-42A3-9474-1A3956D46DE8}") = "tests", "tests", "{A79E7948-C6B1-4E13-AC02-5B2FDA45B6FC}"
EndProject
Global
	GlobalSection(SolutionConfigurationPlatforms) = preSolution
		Debug|Any CPU = Debug|Any CPU
		Release|Any CPU = Release|Any CPU
	EndGlobalSection
	GlobalSection(ProjectConfigurationPlatforms) = postSolution
		{28E6CD01-BC23-456E-8969-9F57319F1884}.Debug|Any CPU.ActiveCfg = Debug|Any CPU
		{28E6CD01-BC23-456E-8969-9F57319F1884}.Debug|Any CPU.Build.0 = Debug|Any CPU
		{28E6CD01-BC23-456E-8969-9F57319F1884}.Release|Any CPU.ActiveCfg = Release|Any CPU
		{28E6CD01-BC23-456E-8969-9F57319F1884}.Release|Any CPU.Build.0 = Release|Any CPU
	EndGlobalSection
	GlobalSection(SolutionProperties) = preSolution
		HideSolutionNode = FALSE
	EndGlobalSection
	GlobalSection(NestedProjects) = preSolution
		{28E6CD01-BC23-456E-8969-9F57319F1884} = {F612714A-0C4D-4A2D-A9E6-48DC234E882D}
	EndGlobalSection
	GlobalSection(ExtensibilityGlobals) = postSolution
		SolutionGuid = {AA3674EE-92E2-4277-8F83-EABC8F9A2D8D}
	EndGlobalSection
EndGlobal
