
Microsoft Visual Studio Solution File, Format Version 12.00
# Visual Studio Version 17
VisualStudioVersion = 17.0.31903.59
MinimumVisualStudioVersion = 10.0.40219.1
Project("{FAE04EC0-301F-11D3-BF4B-00C04F79EFBC}") = "FrontendMentor Readme Updater", "FrontendMentor Readme Updater\FrontendMentor Readme Updater.csproj", "{4DFC7D9D-D1C5-46A0-A636-0132A3C85295}"
EndProject
Global
	GlobalSection(SolutionConfigurationPlatforms) = preSolution
		Debug|Any CPU = Debug|Any CPU
		Release|Any CPU = Release|Any CPU
	EndGlobalSection
	GlobalSection(ProjectConfigurationPlatforms) = postSolution
		{4DFC7D9D-D1C5-46A0-A636-0132A3C85295}.Debug|Any CPU.ActiveCfg = Debug|Any CPU
		{4DFC7D9D-D1C5-46A0-A636-0132A3C85295}.Debug|Any CPU.Build.0 = Debug|Any CPU
		{4DFC7D9D-D1C5-46A0-A636-0132A3C85295}.Release|Any CPU.ActiveCfg = Release|Any CPU
		{4DFC7D9D-D1C5-46A0-A636-0132A3C85295}.Release|Any CPU.Build.0 = Release|Any CPU
	EndGlobalSection
	GlobalSection(SolutionProperties) = preSolution
		HideSolutionNode = FALSE
	EndGlobalSection
	GlobalSection(ExtensibilityGlobals) = postSolution
		SolutionGuid = {D17D6576-5C57-43F8-B564-2F68E8891827}
	EndGlobalSection
EndGlobal
